
Microsoft Visual Studio Solution File, Format Version 12.00
# Visual Studio 2013
VisualStudioVersion = 12.0.40629.0
MinimumVisualStudioVersion = 10.0.40219.1
Project("{FAE04EC0-301F-11D3-BF4B-00C04F79EFBC}") = "StaticSiteGenerator", "StaticSiteGenerator\StaticSiteGenerator.csproj", "{AC920EFB-95EB-4438-BE6D-B13F9AF1DF88}"
EndProject
Project("{FAE04EC0-301F-11D3-BF4B-00C04F79EFBC}") = "StaticSiteGeneratorTest", "StaticSiteGeneratorTest\StaticSiteGeneratorTest.csproj", "{22FED1C9-2AC9-4A8D-905B-3FE273DF68AD}"
EndProject
Global
	GlobalSection(SolutionConfigurationPlatforms) = preSolution
		Debug|Any CPU = Debug|Any CPU
		Release|Any CPU = Release|Any CPU
	EndGlobalSection
	GlobalSection(ProjectConfigurationPlatforms) = postSolution
		{AC920EFB-95EB-4438-BE6D-B13F9AF1DF88}.Debug|Any CPU.ActiveCfg = Debug|Any CPU
		{AC920EFB-95EB-4438-BE6D-B13F9AF1DF88}.Debug|Any CPU.Build.0 = Debug|Any CPU
		{AC920EFB-95EB-4438-BE6D-B13F9AF1DF88}.Release|Any CPU.ActiveCfg = Release|Any CPU
		{AC920EFB-95EB-4438-BE6D-B13F9AF1DF88}.Release|Any CPU.Build.0 = Release|Any CPU
		{22FED1C9-2AC9-4A8D-905B-3FE273DF68AD}.Debug|Any CPU.ActiveCfg = Debug|Any CPU
		{22FED1C9-2AC9-4A8D-905B-3FE273DF68AD}.Debug|Any CPU.Build.0 = Debug|Any CPU
		{22FED1C9-2AC9-4A8D-905B-3FE273DF68AD}.Release|Any CPU.ActiveCfg = Release|Any CPU
		{22FED1C9-2AC9-4A8D-905B-3FE273DF68AD}.Release|Any CPU.Build.0 = Release|Any CPU
	EndGlobalSection
	GlobalSection(SolutionProperties) = preSolution
		HideSolutionNode = FALSE
	EndGlobalSection
EndGlobal
